
Microsoft Visual Studio Solution File, Format Version 11.00
# Visual Studio 2010
Project("{FAE04EC0-301F-11D3-BF4B-00C04F79EFBC}") = "VitaInjectorClient0.98", "VitaInjectorClient0.98.csproj", "{C58D84E3-88A4-4979-852E-1F4CB021EAFC}"
EndProject
Global
	GlobalSection(SolutionConfigurationPlatforms) = preSolution
		Debug|Any CPU = Debug|Any CPU
		Release|Any CPU = Release|Any CPU
	EndGlobalSection
	GlobalSection(ProjectConfigurationPlatforms) = postSolution
		{C58D84E3-88A4-4979-852E-1F4CB021EAFC}.Debug|Any CPU.ActiveCfg = Debug|Any CPU
		{C58D84E3-88A4-4979-852E-1F4CB021EAFC}.Debug|Any CPU.Build.0 = Debug|Any CPU
		{C58D84E3-88A4-4979-852E-1F4CB021EAFC}.Release|Any CPU.ActiveCfg = Release|Any CPU
		{C58D84E3-88A4-4979-852E-1F4CB021EAFC}.Release|Any CPU.Build.0 = Release|Any CPU
	EndGlobalSection
	GlobalSection(MonoDevelopProperties) = preSolution
		StartupItem = VitaInjectorClient0.98.csproj
	EndGlobalSection
EndGlobal
